
Microsoft Visual Studio Solution File, Format Version 12.00
# Visual Studio Version 17
VisualStudioVersion = 17.10.35122.118
MinimumVisualStudioVersion = 10.0.40219.1
Project("{FAE04EC0-301F-11D3-BF4B-00C04F79EFBC}") = "assignment3", "assignment3\assignment3.csproj", "{7C1B992B-9B39-4E10-8194-ECAA6956D914}"
EndProject
Global
	GlobalSection(SolutionConfigurationPlatforms) = preSolution
		Debug|Any CPU = Debug|Any CPU
		Release|Any CPU = Release|Any CPU
	EndGlobalSection
	GlobalSection(ProjectConfigurationPlatforms) = postSolution
		{7C1B992B-9B39-4E10-8194-ECAA6956D914}.Debug|Any CPU.ActiveCfg = Debug|Any CPU
		{7C1B992B-9B39-4E10-8194-ECAA6956D914}.Debug|Any CPU.Build.0 = Debug|Any CPU
		{7C1B992B-9B39-4E10-8194-ECAA6956D914}.Release|Any CPU.ActiveCfg = Release|Any CPU
		{7C1B992B-9B39-4E10-8194-ECAA6956D914}.Release|Any CPU.Build.0 = Release|Any CPU
	EndGlobalSection
	GlobalSection(SolutionProperties) = preSolution
		HideSolutionNode = FALSE
	EndGlobalSection
	GlobalSection(ExtensibilityGlobals) = postSolution
		SolutionGuid = {F3C3E617-27F6-4E21-A4BC-ACEC5021DB32}
	EndGlobalSection
EndGlobal
